
Microsoft Visual Studio Solution File, Format Version 12.00
# Visual Studio 15
VisualStudioVersion = 15.0.28010.0
MinimumVisualStudioVersion = 10.0.40219.1
Project("{9A19103F-16F7-4668-BE54-9A1E7A4F7556}") = "CompareTheTriplets", "CompareTheTriplets\CompareTheTriplets.csproj", "{B7E439F2-830F-45D2-9A33-4B132EA410C5}"
EndProject
Project("{9A19103F-16F7-4668-BE54-9A1E7A4F7556}") = "PlusMinus", "PlusMinus\PlusMinus.csproj", "{AAE9E23E-F5E8-47F9-8ACD-AD8AA9CBE8C4}"
EndProject
Project("{9A19103F-16F7-4668-BE54-9A1E7A4F7556}") = "Staircase", "Staircase\Staircase.csproj", "{375F355C-59A7-4E74-9263-3BDF51534262}"
EndProject
Project("{9A19103F-16F7-4668-BE54-9A1E7A4F7556}") = "Mini-Max Sum", "Mini-Max Sum\Mini-Max Sum.csproj", "{C07BFDBA-E335-4037-8390-FC1396464DBB}"
EndProject
Project("{9A19103F-16F7-4668-BE54-9A1E7A4F7556}") = "Birthday Cake Candles", "Birthday Cake Candles\Birthday Cake Candles.csproj", "{A9FC92E1-A5E5-4153-B19F-304639C03543}"
EndProject
Project("{9A19103F-16F7-4668-BE54-9A1E7A4F7556}") = "OrangesApple", "OrangesApple\OrangesApple.csproj", "{6EBFBD6D-5DBD-4967-B5EF-7D1DEE77424F}"
EndProject
Project("{9A19103F-16F7-4668-BE54-9A1E7A4F7556}") = "BreakingTheRecords", "BreakingTheRecords\BreakingTheRecords.csproj", "{0D2B2ABA-A257-4EED-8BA0-CAC3CA22A389}"
EndProject
Project("{9A19103F-16F7-4668-BE54-9A1E7A4F7556}") = "BirthdayChocolate", "BirthdayChocolate\BirthdayChocolate.csproj", "{A3784AD5-F79A-4108-8BA2-FA675781CBF2}"
EndProject
Project("{9A19103F-16F7-4668-BE54-9A1E7A4F7556}") = "Reverse", "ConsoleApp1\Reverse.csproj", "{1E7EFA24-CE43-49D7-B152-C8AE0046E5E5}"
EndProject
Project("{9A19103F-16F7-4668-BE54-9A1E7A4F7556}") = "BalanceBracket", "BalanceBracket\BalanceBracket.csproj", "{EE2507CE-AE62-48BE-830F-66E2133565F3}"
EndProject
Global
	GlobalSection(SolutionConfigurationPlatforms) = preSolution
		Debug|Any CPU = Debug|Any CPU
		Release|Any CPU = Release|Any CPU
	EndGlobalSection
	GlobalSection(ProjectConfigurationPlatforms) = postSolution
		{B7E439F2-830F-45D2-9A33-4B132EA410C5}.Debug|Any CPU.ActiveCfg = Debug|Any CPU
		{B7E439F2-830F-45D2-9A33-4B132EA410C5}.Debug|Any CPU.Build.0 = Debug|Any CPU
		{B7E439F2-830F-45D2-9A33-4B132EA410C5}.Release|Any CPU.ActiveCfg = Release|Any CPU
		{B7E439F2-830F-45D2-9A33-4B132EA410C5}.Release|Any CPU.Build.0 = Release|Any CPU
		{AAE9E23E-F5E8-47F9-8ACD-AD8AA9CBE8C4}.Debug|Any CPU.ActiveCfg = Debug|Any CPU
		{AAE9E23E-F5E8-47F9-8ACD-AD8AA9CBE8C4}.Debug|Any CPU.Build.0 = Debug|Any CPU
		{AAE9E23E-F5E8-47F9-8ACD-AD8AA9CBE8C4}.Release|Any CPU.ActiveCfg = Release|Any CPU
		{AAE9E23E-F5E8-47F9-8ACD-AD8AA9CBE8C4}.Release|Any CPU.Build.0 = Release|Any CPU
		{375F355C-59A7-4E74-9263-3BDF51534262}.Debug|Any CPU.ActiveCfg = Debug|Any CPU
		{375F355C-59A7-4E74-9263-3BDF51534262}.Debug|Any CPU.Build.0 = Debug|Any CPU
		{375F355C-59A7-4E74-9263-3BDF51534262}.Release|Any CPU.ActiveCfg = Release|Any CPU
		{375F355C-59A7-4E74-9263-3BDF51534262}.Release|Any CPU.Build.0 = Release|Any CPU
		{C07BFDBA-E335-4037-8390-FC1396464DBB}.Debug|Any CPU.ActiveCfg = Debug|Any CPU
		{C07BFDBA-E335-4037-8390-FC1396464DBB}.Debug|Any CPU.Build.0 = Debug|Any CPU
		{C07BFDBA-E335-4037-8390-FC1396464DBB}.Release|Any CPU.ActiveCfg = Release|Any CPU
		{C07BFDBA-E335-4037-8390-FC1396464DBB}.Release|Any CPU.Build.0 = Release|Any CPU
		{A9FC92E1-A5E5-4153-B19F-304639C03543}.Debug|Any CPU.ActiveCfg = Debug|Any CPU
		{A9FC92E1-A5E5-4153-B19F-304639C03543}.Debug|Any CPU.Build.0 = Debug|Any CPU
		{A9FC92E1-A5E5-4153-B19F-304639C03543}.Release|Any CPU.ActiveCfg = Release|Any CPU
		{A9FC92E1-A5E5-4153-B19F-304639C03543}.Release|Any CPU.Build.0 = Release|Any CPU
		{6EBFBD6D-5DBD-4967-B5EF-7D1DEE77424F}.Debug|Any CPU.ActiveCfg = Debug|Any CPU
		{6EBFBD6D-5DBD-4967-B5EF-7D1DEE77424F}.Debug|Any CPU.Build.0 = Debug|Any CPU
		{6EBFBD6D-5DBD-4967-B5EF-7D1DEE77424F}.Release|Any CPU.ActiveCfg = Release|Any CPU
		{6EBFBD6D-5DBD-4967-B5EF-7D1DEE77424F}.Release|Any CPU.Build.0 = Release|Any CPU
		{0D2B2ABA-A257-4EED-8BA0-CAC3CA22A389}.Debug|Any CPU.ActiveCfg = Debug|Any CPU
		{0D2B2ABA-A257-4EED-8BA0-CAC3CA22A389}.Debug|Any CPU.Build.0 = Debug|Any CPU
		{0D2B2ABA-A257-4EED-8BA0-CAC3CA22A389}.Release|Any CPU.ActiveCfg = Release|Any CPU
		{0D2B2ABA-A257-4EED-8BA0-CAC3CA22A389}.Release|Any CPU.Build.0 = Release|Any CPU
		{A3784AD5-F79A-4108-8BA2-FA675781CBF2}.Debug|Any CPU.ActiveCfg = Debug|Any CPU
		{A3784AD5-F79A-4108-8BA2-FA675781CBF2}.Debug|Any CPU.Build.0 = Debug|Any CPU
		{A3784AD5-F79A-4108-8BA2-FA675781CBF2}.Release|Any CPU.ActiveCfg = Release|Any CPU
		{A3784AD5-F79A-4108-8BA2-FA675781CBF2}.Release|Any CPU.Build.0 = Release|Any CPU
		{1E7EFA24-CE43-49D7-B152-C8AE0046E5E5}.Debug|Any CPU.ActiveCfg = Debug|Any CPU
		{1E7EFA24-CE43-49D7-B152-C8AE0046E5E5}.Debug|Any CPU.Build.0 = Debug|Any CPU
		{1E7EFA24-CE43-49D7-B152-C8AE0046E5E5}.Release|Any CPU.ActiveCfg = Release|Any CPU
		{1E7EFA24-CE43-49D7-B152-C8AE0046E5E5}.Release|Any CPU.Build.0 = Release|Any CPU
		{EE2507CE-AE62-48BE-830F-66E2133565F3}.Debug|Any CPU.ActiveCfg = Debug|Any CPU
		{EE2507CE-AE62-48BE-830F-66E2133565F3}.Debug|Any CPU.Build.0 = Debug|Any CPU
		{EE2507CE-AE62-48BE-830F-66E2133565F3}.Release|Any CPU.ActiveCfg = Release|Any CPU
		{EE2507CE-AE62-48BE-830F-66E2133565F3}.Release|Any CPU.Build.0 = Release|Any CPU
	EndGlobalSection
	GlobalSection(SolutionProperties) = preSolution
		HideSolutionNode = FALSE
	EndGlobalSection
	GlobalSection(ExtensibilityGlobals) = postSolution
		SolutionGuid = {43262043-1B01-43C7-837A-547898A3C78C}
	EndGlobalSection
EndGlobal
