
Microsoft Visual Studio Solution File, Format Version 12.00
# Visual Studio 15
VisualStudioVersion = 15.0.28010.2036
MinimumVisualStudioVersion = 10.0.40219.1
Project("{FAE04EC0-301F-11D3-BF4B-00C04F79EFBC}") = "Vehicles", "Vehicles\Vehicles.csproj", "{7EBF1CD2-3413-4090-848C-5592A07D2DD1}"
EndProject
Project("{FAE04EC0-301F-11D3-BF4B-00C04F79EFBC}") = "WildFarm", "WildFarm\WildFarm.csproj", "{DEC95C71-2337-4BC1-92BE-42B40F35A531}"
EndProject
Global
	GlobalSection(SolutionConfigurationPlatforms) = preSolution
		Debug|Any CPU = Debug|Any CPU
		Release|Any CPU = Release|Any CPU
	EndGlobalSection
	GlobalSection(ProjectConfigurationPlatforms) = postSolution
		{7EBF1CD2-3413-4090-848C-5592A07D2DD1}.Debug|Any CPU.ActiveCfg = Debug|Any CPU
		{7EBF1CD2-3413-4090-848C-5592A07D2DD1}.Debug|Any CPU.Build.0 = Debug|Any CPU
		{7EBF1CD2-3413-4090-848C-5592A07D2DD1}.Release|Any CPU.ActiveCfg = Release|Any CPU
		{7EBF1CD2-3413-4090-848C-5592A07D2DD1}.Release|Any CPU.Build.0 = Release|Any CPU
		{DEC95C71-2337-4BC1-92BE-42B40F35A531}.Debug|Any CPU.ActiveCfg = Debug|Any CPU
		{DEC95C71-2337-4BC1-92BE-42B40F35A531}.Debug|Any CPU.Build.0 = Debug|Any CPU
		{DEC95C71-2337-4BC1-92BE-42B40F35A531}.Release|Any CPU.ActiveCfg = Release|Any CPU
		{DEC95C71-2337-4BC1-92BE-42B40F35A531}.Release|Any CPU.Build.0 = Release|Any CPU
	EndGlobalSection
	GlobalSection(SolutionProperties) = preSolution
		HideSolutionNode = FALSE
	EndGlobalSection
	GlobalSection(ExtensibilityGlobals) = postSolution
		SolutionGuid = {C0E700DA-2CCE-4575-AF46-E16F19C6859C}
	EndGlobalSection
EndGlobal
